{
    "name": "res",
    "version": "0.0.1",
    "lockfileVersion": 1,
    "requires": true,
    "dependencies": {
        "@types/i18n-js": {
            "version": "3.0.3",
            "resolved": "https://registry.npmjs.org/@types/i18n-js/-/i18n-js-3.0.3.tgz",
            "integrity": "sha512-GiZzazvxQ5j+EA4Zf4MtDsSaokAR/gW7FxxTlHi2p2xKFUhwAUT0B/MB8WL77P1TcqAO3MefWorFFyZS8F7s0Q==",
            "dev": true
        }
    }
}
